
Microsoft Visual Studio Solution File, Format Version 12.00
# Visual Studio 15
Project("{FAE04EC0-301F-11D3-BF4B-00C04F79EFBC}") = "Assembly-CSharp", "Assembly-CSharp.csproj", "{232C1DE8-D511-51CD-2CB5-3D10582264E3}"
EndProject
Project("{FAE04EC0-301F-11D3-BF4B-00C04F79EFBC}") = "Assembly-CSharp-Editor", "Assembly-CSharp-Editor.csproj", "{320421D9-46DC-FBA4-7919-B3763C314AC8}"
EndProject
Global
	GlobalSection(SolutionConfigurationPlatforms) = preSolution
		Debug|Any CPU = Debug|Any CPU
		Release|Any CPU = Release|Any CPU
	EndGlobalSection
	GlobalSection(ProjectConfigurationPlatforms) = postSolution
		{232C1DE8-D511-51CD-2CB5-3D10582264E3}.Debug|Any CPU.ActiveCfg = Debug|Any CPU
		{232C1DE8-D511-51CD-2CB5-3D10582264E3}.Debug|Any CPU.Build.0 = Debug|Any CPU
		{232C1DE8-D511-51CD-2CB5-3D10582264E3}.Release|Any CPU.ActiveCfg = Release|Any CPU
		{232C1DE8-D511-51CD-2CB5-3D10582264E3}.Release|Any CPU.Build.0 = Release|Any CPU
		{320421D9-46DC-FBA4-7919-B3763C314AC8}.Debug|Any CPU.ActiveCfg = Debug|Any CPU
		{320421D9-46DC-FBA4-7919-B3763C314AC8}.Debug|Any CPU.Build.0 = Debug|Any CPU
		{320421D9-46DC-FBA4-7919-B3763C314AC8}.Release|Any CPU.ActiveCfg = Release|Any CPU
		{320421D9-46DC-FBA4-7919-B3763C314AC8}.Release|Any CPU.Build.0 = Release|Any CPU
	EndGlobalSection
	GlobalSection(SolutionProperties) = preSolution
		HideSolutionNode = FALSE
	EndGlobalSection
EndGlobal
